
Microsoft Visual Studio Solution File, Format Version 12.00
# Visual Studio Version 17
VisualStudioVersion = 17.0.31903.59
MinimumVisualStudioVersion = 10.0.40219.1
Project("{2150E333-8FDC-42A3-9474-1A3956D46DE8}") = "solution-items", "solution-items", "{56233862-B2F1-4468-8ACE-AD80DD3D76E5}"
	ProjectSection(SolutionItems) = preProject
		src\Directory.Build.props = src\Directory.Build.props
		src\version.props = src\version.props
		src\common.props = src\common.props
		src\common-tests.props = src\common-tests.props
	EndProjectSection
EndProject
Project("{2150E333-8FDC-42A3-9474-1A3956D46DE8}") = "style-cop", "style-cop", "{92C340B8-3F6B-40D9-9056-D9F2F5EADA5D}"
	ProjectSection(SolutionItems) = preProject
		src\StyleCop.ruleset = src\StyleCop.ruleset
		src\StyleCop-Tests.ruleset = src\StyleCop-Tests.ruleset
	EndProjectSection
EndProject
Project("{FAE04EC0-301F-11D3-BF4B-00C04F79EFBC}") = "PPWCode.Vernacular.Exceptions.V", "src\PPWCode.Vernacular.Exceptions.V\PPWCode.Vernacular.Exceptions.V.csproj", "{5D8E0CFE-90B4-4003-AD04-D9888F998A9E}"
EndProject
Project("{FAE04EC0-301F-11D3-BF4B-00C04F79EFBC}") = "PPWCode.Vernacular.Exceptions.V.Tests", "src\PPWCode.Vernacular.Exceptions.V.Tests\PPWCode.Vernacular.Exceptions.V.Tests.csproj", "{2C75C0E4-948A-45B3-81AC-C3D78B30A4DA}"
EndProject
Global
	GlobalSection(SolutionConfigurationPlatforms) = preSolution
		Debug|Any CPU = Debug|Any CPU
		Release|Any CPU = Release|Any CPU
	EndGlobalSection
	GlobalSection(SolutionProperties) = preSolution
		HideSolutionNode = FALSE
	EndGlobalSection
	GlobalSection(ProjectConfigurationPlatforms) = postSolution
		{5D8E0CFE-90B4-4003-AD04-D9888F998A9E}.Debug|Any CPU.ActiveCfg = Debug|Any CPU
		{5D8E0CFE-90B4-4003-AD04-D9888F998A9E}.Debug|Any CPU.Build.0 = Debug|Any CPU
		{5D8E0CFE-90B4-4003-AD04-D9888F998A9E}.Release|Any CPU.ActiveCfg = Release|Any CPU
		{5D8E0CFE-90B4-4003-AD04-D9888F998A9E}.Release|Any CPU.Build.0 = Release|Any CPU
		{2C75C0E4-948A-45B3-81AC-C3D78B30A4DA}.Debug|Any CPU.ActiveCfg = Debug|Any CPU
		{2C75C0E4-948A-45B3-81AC-C3D78B30A4DA}.Debug|Any CPU.Build.0 = Debug|Any CPU
		{2C75C0E4-948A-45B3-81AC-C3D78B30A4DA}.Release|Any CPU.ActiveCfg = Release|Any CPU
		{2C75C0E4-948A-45B3-81AC-C3D78B30A4DA}.Release|Any CPU.Build.0 = Release|Any CPU
	EndGlobalSection
EndGlobal
