
Microsoft Visual Studio Solution File, Format Version 12.00
# Visual Studio 15
VisualStudioVersion = 15.0.27004.2010
MinimumVisualStudioVersion = 10.0.40219.1
Project("{2150E333-8FDC-42A3-9474-1A3956D46DE8}") = "solution-items", "solution-items", "{788185DD-7404-47DF-AFF3-698298A6F934}"
	ProjectSection(SolutionItems) = preProject
		Directory.Build.props = src\Directory.Build.props
		src\Directory.Packages.props = src\Directory.Packages.props
		src\common.props = src\common.props
		src\common-tests.props = src\common-tests.props
		global.json = global.json
	EndProjectSection
EndProject
Project("{9A19103F-16F7-4668-BE54-9A1E7A4F7556}") = "PPWCode.Vernacular.Exceptions.IV", "src\IV\PPWCode.Vernacular.Exceptions.IV.csproj", "{89296D3A-1CA1-4995-9393-A1F1106EFC40}"
EndProject
Project("{FAE04EC0-301F-11D3-BF4B-00C04F79EFBC}") = "PPWCode.Vernacular.Exceptions.IV.Tests", "src\IV.Tests\PPWCode.Vernacular.Exceptions.IV.Tests.csproj", "{016238D9-A041-4235-8636-E0BCCCF9E36E}"
EndProject
Project("{2150E333-8FDC-42A3-9474-1A3956D46DE8}") = "package", "package", "{C999F0FB-DEF3-4A11-A697-4B92C436B14B}"
ProjectSection(SolutionItems) = preProject
	LICENSE = LICENSE
	NOTICE = NOTICE
	README.md = README.md
	assets\ppw-logo.png = assets\ppw-logo.png
	assets\ppw-logo-2.png = assets\ppw-logo-2.png
EndProjectSection
EndProject
Project("{2150E333-8FDC-42A3-9474-1A3956D46DE8}") = "analyzers", "analyzers", "{73D5140D-278F-4FDD-9E62-D61916013427}"
	ProjectSection(SolutionItems) = preProject
		src\Analyzer.ruleset = src\Analyzer.ruleset
		src\Analyzer-Tests.ruleset = src\Analyzer-Tests.ruleset
	EndProjectSection
EndProject
Project("{2150E333-8FDC-42A3-9474-1A3956D46DE8}") = "build-pipeline", "build-pipeline", "{40FA5A85-856B-4F0F-9986-0C19D99948CD}"
	ProjectSection(SolutionItems) = preProject
		.github\workflows\publish.yml = .github\workflows\publish.yml
		.github\workflows\ci.yml = .github\workflows\ci.yml
	EndProjectSection
EndProject
Global
	GlobalSection(SolutionConfigurationPlatforms) = preSolution
		Debug|Any CPU = Debug|Any CPU
		Release|Any CPU = Release|Any CPU
	EndGlobalSection
	GlobalSection(ProjectConfigurationPlatforms) = postSolution
		{89296D3A-1CA1-4995-9393-A1F1106EFC40}.Debug|Any CPU.ActiveCfg = Debug|Any CPU
		{89296D3A-1CA1-4995-9393-A1F1106EFC40}.Debug|Any CPU.Build.0 = Debug|Any CPU
		{89296D3A-1CA1-4995-9393-A1F1106EFC40}.Release|Any CPU.ActiveCfg = Release|Any CPU
		{89296D3A-1CA1-4995-9393-A1F1106EFC40}.Release|Any CPU.Build.0 = Release|Any CPU
		{016238D9-A041-4235-8636-E0BCCCF9E36E}.Debug|Any CPU.ActiveCfg = Debug|Any CPU
		{016238D9-A041-4235-8636-E0BCCCF9E36E}.Debug|Any CPU.Build.0 = Debug|Any CPU
		{016238D9-A041-4235-8636-E0BCCCF9E36E}.Release|Any CPU.ActiveCfg = Release|Any CPU
		{016238D9-A041-4235-8636-E0BCCCF9E36E}.Release|Any CPU.Build.0 = Release|Any CPU
	EndGlobalSection
	GlobalSection(SolutionProperties) = preSolution
		HideSolutionNode = FALSE
	EndGlobalSection
	GlobalSection(ExtensibilityGlobals) = postSolution
		SolutionGuid = {61D1E63C-48AB-4182-98AE-D710187E5704}
	EndGlobalSection
EndGlobal
