
Microsoft Visual Studio Solution File, Format Version 12.00
# Visual Studio 15
VisualStudioVersion = 15.0.27004.2010
MinimumVisualStudioVersion = 10.0.40219.1
Project("{2150E333-8FDC-42A3-9474-1A3956D46DE8}") = "SolutionItems", "SolutionItems", "{788185DD-7404-47DF-AFF3-698298A6F934}"
	ProjectSection(SolutionItems) = preProject
		Directory.Build.props = Directory.Build.props
		version.props = version.props
	EndProjectSection
EndProject
Project("{2150E333-8FDC-42A3-9474-1A3956D46DE8}") = "psake", "psake", "{90949B3E-8AD7-4771-856E-47D86A5FAD33}"
	ProjectSection(SolutionItems) = preProject
		..\init-psake.ps1 = ..\init-psake.ps1
		..\psakefile.ps1 = ..\psakefile.ps1
	EndProjectSection
EndProject
Project("{9A19103F-16F7-4668-BE54-9A1E7A4F7556}") = "PPWCode.Vernacular.Exceptions.IV", "IV\PPWCode.Vernacular.Exceptions.IV.csproj", "{89296D3A-1CA1-4995-9393-A1F1106EFC40}"
EndProject
Global
	GlobalSection(SolutionConfigurationPlatforms) = preSolution
		Debug|Any CPU = Debug|Any CPU
		Release|Any CPU = Release|Any CPU
	EndGlobalSection
	GlobalSection(ProjectConfigurationPlatforms) = postSolution
		{89296D3A-1CA1-4995-9393-A1F1106EFC40}.Debug|Any CPU.ActiveCfg = Debug|Any CPU
		{89296D3A-1CA1-4995-9393-A1F1106EFC40}.Debug|Any CPU.Build.0 = Debug|Any CPU
		{89296D3A-1CA1-4995-9393-A1F1106EFC40}.Release|Any CPU.ActiveCfg = Release|Any CPU
		{89296D3A-1CA1-4995-9393-A1F1106EFC40}.Release|Any CPU.Build.0 = Release|Any CPU
	EndGlobalSection
	GlobalSection(SolutionProperties) = preSolution
		HideSolutionNode = FALSE
	EndGlobalSection
	GlobalSection(ExtensibilityGlobals) = postSolution
		SolutionGuid = {61D1E63C-48AB-4182-98AE-D710187E5704}
	EndGlobalSection
EndGlobal
