{
  "version": 1,
  "dependencies": {
    "net8.0": {
      "JUnitTestLogger": {
        "type": "Direct",
        "requested": "[1.*, )",
        "resolved": "1.1.0",
        "contentHash": "5nIxpRXczNH2To76s/AxmgiXrfMeebLx10R8edNO4w5UNo2diCUf0kQn0qC5+WPnONCjmtzyFrHolK+b7aBemQ==",
        "dependencies": {
          "Microsoft.TestPlatform.ObjectModel": "15.5.0"
        }
      },
      "Microsoft.NET.Test.Sdk": {
        "type": "Direct",
        "requested": "[17.*, )",
        "resolved": "17.14.1",
        "contentHash": "HJKqKOE+vshXra2aEHpi2TlxYX7Z9VFYkr+E5rwEvHC8eIXiyO+K9kNm8vmNom3e2rA56WqxU+/N9NJlLGXsJQ==",
        "dependencies": {
          "Microsoft.CodeCoverage": "17.14.1",
          "Microsoft.TestPlatform.TestHost": "17.14.1"
        }
      },
      "NUnit": {
        "type": "Direct",
        "requested": "[4.*, )",
        "resolved": "4.4.0",
        "contentHash": "7IWJcT9xWNhG9dEGdgAWdH6maCE0eVbeVnizvXACKbAyxbjoJ9+WaEb8qsCTJi3hsb18AJBtoqvWa3G7YYUQfw=="
      },
      "NUnit.Analyzers": {
        "type": "Direct",
        "requested": "[4.*, )",
        "resolved": "4.10.0",
        "contentHash": "w0DLq/bYgjUOugReSDJEOC3E9gOtVw85AJhVQoMk06+Kas2HdJMX0ojMjt+FoN8+38FIKlAppNOuHacIBkXJTQ=="
      },
      "NUnit3TestAdapter": {
        "type": "Direct",
        "requested": "[4.*, )",
        "resolved": "4.6.0",
        "contentHash": "R7e1+a4vuV/YS+ItfL7f//rG+JBvVeVLX4mHzFEZo4W1qEKl8Zz27AqvQSAqo+BtIzUCo4aAJMYa56VXS4hudw=="
      },
      "NunitXml.TestLogger": {
        "type": "Direct",
        "requested": "[3.*, )",
        "resolved": "3.1.20",
        "contentHash": "Pd9EYPNsQGaKYW+F+l7vTuvDjp8tzTYLqqfLM1Sz5WwLHhvnaJArQZjw/93WF3i07Rxb50WFVu0kjrjKCVFHDg=="
      },
      "PPWCode.Vernacular.Contracts.I": {
        "type": "Direct",
        "requested": "[1.*, )",
        "resolved": "1.2.0",
        "contentHash": "lSc82pJXbsXuqPt/5YsHdS6gdHtcnhryWKvFC+2YIs+6ILH5lkuavrBLVWGDYVALmaDTba96T3YlylZaYhnzIw==",
        "dependencies": {
          "PPWCode.Vernacular.Exceptions.IV": "1.2.0"
        }
      },
      "StyleCop.Analyzers": {
        "type": "Direct",
        "requested": "[1.1.118, )",
        "resolved": "1.1.118",
        "contentHash": "Onx6ovGSqXSK07n/0eM3ZusiNdB6cIlJdabQhWGgJp3Vooy9AaLS/tigeybOJAobqbtggTamoWndz72JscZBvw=="
      },
      "Microsoft.CodeCoverage": {
        "type": "Transitive",
        "resolved": "17.14.1",
        "contentHash": "pmTrhfFIoplzFVbhVwUquT+77CbGH+h4/3mBpdmIlYtBi9nAB+kKI6dN3A/nV4DFi3wLLx/BlHIPK+MkbQ6Tpg=="
      },
      "Microsoft.TestPlatform.ObjectModel": {
        "type": "Transitive",
        "resolved": "17.14.1",
        "contentHash": "xTP1W6Mi6SWmuxd3a+jj9G9UoC850WGwZUps1Wah9r1ZxgXhdJfj1QqDLJkFjHDCvN42qDL2Ps5KjQYWUU0zcQ==",
        "dependencies": {
          "System.Reflection.Metadata": "8.0.0"
        }
      },
      "Microsoft.TestPlatform.TestHost": {
        "type": "Transitive",
        "resolved": "17.14.1",
        "contentHash": "d78LPzGKkJwsJXAQwsbJJ7LE7D1wB+rAyhHHAaODF+RDSQ0NgMjDFkSA1Djw18VrxO76GlKAjRUhl+H8NL8Z+Q==",
        "dependencies": {
          "Microsoft.TestPlatform.ObjectModel": "17.14.1",
          "Newtonsoft.Json": "13.0.3"
        }
      },
      "Newtonsoft.Json": {
        "type": "Transitive",
        "resolved": "13.0.3",
        "contentHash": "HrC5BXdl00IP9zeV+0Z848QWPAoCr9P3bDEZguI+gkLcBKAOxix/tLEAAHC+UvDNPv4a2d18lOReHMOagPa+zQ=="
      },
      "PPWCode.Vernacular.Exceptions.IV": {
        "type": "Transitive",
        "resolved": "1.2.0",
        "contentHash": "hWD5pr+4qtnAJHjTqxBPX2wT6WO8e9wMqudXYPlDGveDk9Mk2+DyZaz+DDs810hV3Fhfz7pXhS5H7WTcMI6zrg=="
      },
      "System.Collections.Immutable": {
        "type": "Transitive",
        "resolved": "8.0.0",
        "contentHash": "AurL6Y5BA1WotzlEvVaIDpqzpIPvYnnldxru8oXJU2yFxFUy3+pNXjXd1ymO+RA0rq0+590Q8gaz2l3Sr7fmqg=="
      },
      "System.Reflection.Metadata": {
        "type": "Transitive",
        "resolved": "8.0.0",
        "contentHash": "ptvgrFh7PvWI8bcVqG5rsA/weWM09EnthFHR5SCnS6IN+P4mj6rE1lBDC4U8HL9/57htKAqy4KQ3bBj84cfYyQ==",
        "dependencies": {
          "System.Collections.Immutable": "8.0.0"
        }
      },
      "ppwcode.vernacular.exceptions.v": {
        "type": "Project",
        "dependencies": {
          "PPWCode.Vernacular.Contracts.I": "[1.*, )"
        }
      }
    }
  }
}